lockVersion: 2.0.0
id: 32d162bd-5d3c-4bae-bce8-143fcab0e56e
management:
  docChecksum: 41c0262ad846794c25bcac117519320e
  docVersion: "2018-02-08"
  speakeasyVersion: 1.310.0
  generationVersion: 2.347.4
  releaseVersion: 0.0.2
  configChecksum: b8cb78230a4ba4fadf85903d4670c731
features:
  php:
    core: 3.3.5
    flattening: 2.81.1
    globalSecurity: 2.81.6
    globalSecurityFlattening: 0.1.0
    globalServerURLs: 2.82.1
    globals: 2.82.1
    includes: 2.81.1
    nameOverrides: 2.81.2
generatedFiles:
  - src/SDKConfiguration.php
  - src/Addresses.php
  - src/Batches.php
  - src/CarrierAccounts.php
  - src/CustomsDeclarations.php
  - src/CustomsItems.php
  - src/RatesAtCheckout.php
  - src/Manifests.php
  - src/Orders.php
  - src/CarrierParcelTemplates.php
  - src/Parcels.php
  - src/Pickups.php
  - src/Rates.php
  - src/Refunds.php
  - src/ServiceGroups.php
  - src/Shipments.php
  - src/TrackingStatus.php
  - src/Transactions.php
  - src/UserParcelTemplates.php
  - src/ShippoAccounts.php
  - src/Webhooks.php
  - src/ShippoSDK.php
  - src/ShippoSDKBuilder.php
  - composer.json
  - phpstan.neon
  - pint.json
  - rector.php
  - src/Utils/EnumHandler.php
  - src/Utils/FormMetadata.php
  - src/Utils/Headers.php
  - src/Utils/JSON.php
  - src/Utils/MixedJSONHandler.php
  - src/Utils/MultipartMetadata.php
  - src/Utils/ParamsMetadata.php
  - src/Utils/PathParameters.php
  - src/Utils/QueryParameters.php
  - src/Utils/RequestBodies.php
  - src/Utils/RequestMetadata.php
  - src/Utils/Security.php
  - src/Utils/SecurityClient.php
  - src/Utils/SecurityMetadata.php
  - src/Utils/SpeakeasyMetadata.php
  - src/Utils/Utils.php
  - src/Models/Operations/ListAddressesRequest.php
  - src/Models/Operations/ListAddressesResponse.php
  - src/Models/Operations/CreateAddressRequest.php
  - src/Models/Operations/CreateAddressResponse.php
  - src/Models/Operations/GetAddressRequest.php
  - src/Models/Operations/GetAddressResponse.php
  - src/Models/Operations/ValidateAddressRequest.php
  - src/Models/Operations/ValidateAddressResponse.php
  - src/Models/Operations/CreateBatchRequest.php
  - src/Models/Operations/CreateBatchResponse.php
  - src/Models/Operations/GetBatchRequest.php
  - src/Models/Operations/GetBatchResponse.php
  - src/Models/Operations/AddShipmentsToBatchRequest.php
  - src/Models/Operations/AddShipmentsToBatchResponse.php
  - src/Models/Operations/PurchaseBatchRequest.php
  - src/Models/Operations/PurchaseBatchResponse.php
  - src/Models/Operations/RemoveShipmentsFromBatchRequest.php
  - src/Models/Operations/RemoveShipmentsFromBatchResponse.php
  - src/Models/Operations/ListCarrierAccountsRequest.php
  - src/Models/Operations/ListCarrierAccountsResponse.php
  - src/Models/Operations/CreateCarrierAccountRequest.php
  - src/Models/Operations/CreateCarrierAccountResponse.php
  - src/Models/Operations/GetCarrierAccountRequest.php
  - src/Models/Operations/GetCarrierAccountResponse.php
  - src/Models/Operations/UpdateCarrierAccountRequest.php
  - src/Models/Operations/UpdateCarrierAccountResponse.php
  - src/Models/Operations/InitiateOauth2SigninRequest.php
  - src/Models/Operations/InitiateOauth2SigninCarrierAccountsResponseResponseBody.php
  - src/Models/Operations/InitiateOauth2SigninCarrierAccountsResponseBody.php
  - src/Models/Operations/InitiateOauth2SigninResponseBody.php
  - src/Models/Operations/InitiateOauth2SigninResponse.php
  - src/Models/Operations/RegisterCarrierAccountRequest.php
  - src/Models/Operations/RegisterCarrierAccountResponse.php
  - src/Models/Operations/Carrier.php
  - src/Models/Operations/GetCarrierRegistrationStatusRequest.php
  - src/Models/Operations/GetCarrierRegistrationStatusResponse.php
  - src/Models/Operations/ListCustomsDeclarationsRequest.php
  - src/Models/Operations/ListCustomsDeclarationsResponse.php
  - src/Models/Operations/CreateCustomsDeclarationRequest.php
  - src/Models/Operations/CreateCustomsDeclarationResponse.php
  - src/Models/Operations/GetCustomsDeclarationRequest.php
  - src/Models/Operations/GetCustomsDeclarationResponse.php
  - src/Models/Operations/ListCustomsItemsRequest.php
  - src/Models/Operations/ListCustomsItemsResponse.php
  - src/Models/Operations/CreateCustomsItemRequest.php
  - src/Models/Operations/CreateCustomsItemResponse.php
  - src/Models/Operations/GetCustomsItemRequest.php
  - src/Models/Operations/GetCustomsItemResponse.php
  - src/Models/Operations/CreateLiveRateRequest.php
  - src/Models/Operations/CreateLiveRateResponse.php
  - src/Models/Operations/GetDefaultParcelTemplateRequest.php
  - src/Models/Operations/GetDefaultParcelTemplateResponse.php
  - src/Models/Operations/UpdateDefaultParcelTemplateRequest.php
  - src/Models/Operations/UpdateDefaultParcelTemplateResponse.php
  - src/Models/Operations/DeleteDefaultParcelTemplateRequest.php
  - src/Models/Operations/DeleteDefaultParcelTemplateResponse.php
  - src/Models/Operations/ListManifestsRequest.php
  - src/Models/Operations/ListManifestsResponse.php
  - src/Models/Operations/CreateManifestRequest.php
  - src/Models/Operations/CreateManifestResponse.php
  - src/Models/Operations/GetManifestRequest.php
  - src/Models/Operations/GetManifestResponse.php
  - src/Models/Operations/ListOrdersRequest.php
  - src/Models/Operations/ListOrdersResponse.php
  - src/Models/Operations/CreateOrderRequest.php
  - src/Models/Operations/CreateOrderResponse.php
  - src/Models/Operations/GetOrderRequest.php
  - src/Models/Operations/GetOrderResponse.php
  - src/Models/Operations/IncludeT.php
  - src/Models/Operations/ListCarrierParcelTemplatesRequest.php
  - src/Models/Operations/ListCarrierParcelTemplatesResponse.php
  - src/Models/Operations/GetCarrierParcelTemplateRequest.php
  - src/Models/Operations/GetCarrierParcelTemplateResponse.php
  - src/Models/Operations/ListParcelsRequest.php
  - src/Models/Operations/ListParcelsResponse.php
  - src/Models/Operations/CreateParcelRequest.php
  - src/Models/Operations/CreateParcelResponse.php
  - src/Models/Operations/GetParcelRequest.php
  - src/Models/Operations/GetParcelResponse.php
  - src/Models/Operations/CreatePickupRequest.php
  - src/Models/Operations/CreatePickupResponse.php
  - src/Models/Operations/GetRateRequest.php
  - src/Models/Operations/GetRateResponse.php
  - src/Models/Operations/ListShipmentRatesRequest.php
  - src/Models/Operations/ListShipmentRatesResponse.php
  - src/Models/Operations/ListShipmentRatesByCurrencyCodeRequest.php
  - src/Models/Operations/ListShipmentRatesByCurrencyCodeResponse.php
  - src/Models/Operations/CreateRefundRequest.php
  - src/Models/Operations/CreateRefundResponse.php
  - src/Models/Operations/ListRefundsRequest.php
  - src/Models/Operations/ListRefundsResponse.php
  - src/Models/Operations/GetRefundRequest.php
  - src/Models/Operations/GetRefundResponse.php
  - src/Models/Operations/ListServiceGroupsRequest.php
  - src/Models/Operations/ListServiceGroupsResponse.php
  - src/Models/Operations/CreateServiceGroupRequest.php
  - src/Models/Operations/CreateServiceGroupResponse.php
  - src/Models/Operations/UpdateServiceGroupRequest.php
  - src/Models/Operations/UpdateServiceGroupResponse.php
  - src/Models/Operations/DeleteServiceGroupRequest.php
  - src/Models/Operations/DeleteServiceGroupResponse.php
  - src/Models/Operations/ListShipmentsRequest.php
  - src/Models/Operations/ListShipmentsResponse.php
  - src/Models/Operations/CreateShipmentRequest.php
  - src/Models/Operations/CreateShipmentResponse.php
  - src/Models/Operations/GetShipmentRequest.php
  - src/Models/Operations/GetShipmentResponse.php
  - src/Models/Operations/CreateTrackRequest.php
  - src/Models/Operations/CreateTrackResponse.php
  - src/Models/Operations/GetTrackRequest.php
  - src/Models/Operations/GetTrackResponse.php
  - src/Models/Operations/ListTransactionsRequest.php
  - src/Models/Operations/ListTransactionsResponse.php
  - src/Models/Operations/CreateTransactionRequest.php
  - src/Models/Operations/CreateTransactionResponse.php
  - src/Models/Operations/GetTransactionRequest.php
  - src/Models/Operations/GetTransactionResponse.php
  - src/Models/Operations/ListUserParcelTemplatesRequest.php
  - src/Models/Operations/ListUserParcelTemplatesResponse.php
  - src/Models/Operations/CreateUserParcelTemplateRequest.php
  - src/Models/Operations/CreateUserParcelTemplateResponse.php
  - src/Models/Operations/DeleteUserParcelTemplateRequest.php
  - src/Models/Operations/DeleteUserParcelTemplateResponse.php
  - src/Models/Operations/GetUserParcelTemplateRequest.php
  - src/Models/Operations/GetUserParcelTemplateResponse.php
  - src/Models/Operations/UpdateUserParcelTemplateRequest.php
  - src/Models/Operations/UpdateUserParcelTemplateResponse.php
  - src/Models/Operations/ListShippoAccountsRequest.php
  - src/Models/Operations/ListShippoAccountsResponse.php
  - src/Models/Operations/CreateShippoAccountRequest.php
  - src/Models/Operations/CreateShippoAccountResponse.php
  - src/Models/Operations/GetShippoAccountRequest.php
  - src/Models/Operations/GetShippoAccountResponse.php
  - src/Models/Operations/UpdateShippoAccountRequest.php
  - src/Models/Operations/UpdateShippoAccountResponse.php
  - src/Models/Operations/CreateWebhookResponse.php
  - src/Models/Operations/ListWebhooksResponse.php
  - src/Models/Operations/GetWebhookRequest.php
  - src/Models/Operations/GetWebhookResponse.php
  - src/Models/Operations/UpdateWebhookRequest.php
  - src/Models/Operations/UpdateWebhookResponse.php
  - src/Models/Operations/DeleteWebhookRequest.php
  - src/Models/Operations/DeleteWebhookResponse.php
  - src/Models/Components/AddressPaginatedList.php
  - src/Models/Components/Address.php
  - src/Models/Components/AddressValidationResults.php
  - src/Models/Components/AddressValidationResultsMessage.php
  - src/Models/Components/AddressCreateRequest.php
  - src/Models/Components/ObjectResults.php
  - src/Models/Components/BatchStatus.php
  - src/Models/Components/Batch.php
  - src/Models/Components/BatchShipmentPaginatedList.php
  - src/Models/Components/Status.php
  - src/Models/Components/BatchShipment.php
  - src/Models/Components/LabelFileTypeEnum.php
  - src/Models/Components/BatchCreateRequest.php
  - src/Models/Components/BatchShipmentCreateRequest.php
  - src/Models/Components/ShipmentCreateRequest.php
  - src/Models/Components/AncillaryEndorsement.php
  - src/Models/Components/DangerousGoodsCode.php
  - src/Models/Components/PreferredDeliveryTimeframe.php
  - src/Models/Components/SignatureConfirmation.php
  - src/Models/Components/ShipmentExtra.php
  - src/Models/Components/UPSReferenceFields.php
  - src/Models/Components/RmaNumber.php
  - src/Models/Components/PoNumber.php
  - src/Models/Components/ShipmentExtraLasershipAttributesEnum.php
  - src/Models/Components/InvoiceNumber.php
  - src/Models/Components/Provider.php
  - src/Models/Components/Insurance.php
  - src/Models/Components/DryIce.php
  - src/Models/Components/DepartmentNumber.php
  - src/Models/Components/DangerousGoodsObject.php
  - src/Models/Components/DangerousGoodsLithiumBatteries.php
  - src/Models/Components/DangerousGoodsBiologicalMaterial.php
  - src/Models/Components/CustomerReference.php
  - src/Models/Components/PaymentMethod.php
  - src/Models/Components/Cod.php
  - src/Models/Components/Type.php
  - src/Models/Components/Billing.php
  - src/Models/Components/RecipientType.php
  - src/Models/Components/Alcohol.php
  - src/Models/Components/CarrierAccountPaginatedList.php
  - src/Models/Components/CarrierAccountWithExtraInfoType.php
  - src/Models/Components/CarrierAccountWithExtraInfoStatus.php
  - src/Models/Components/Authentication.php
  - src/Models/Components/ObjectInfo.php
  - src/Models/Components/CarrierAccountWithExtraInfo.php
  - src/Models/Components/CarrierAccountServiceLevel.php
  - src/Models/Components/CarriersEnum.php
  - src/Models/Components/CarrierAccount.php
  - src/Models/Components/ConnectExistingOwnAccountRequest.php
  - src/Models/Components/CarrierAccountBase.php
  - src/Models/Components/CarrierAccountRegistrationStatus.php
  - src/Models/Components/CustomsDeclarationPaginatedList.php
  - src/Models/Components/CustomsDeclaration.php
  - src/Models/Components/ObjectStateEnum.php
  - src/Models/Components/CustomsInvoicedCharges.php
  - src/Models/Components/CustomsExporterIdentification.php
  - src/Models/Components/CustomsTaxIdentificationType.php
  - src/Models/Components/CustomsTaxIdentification.php
  - src/Models/Components/CustomsDeclarationCreateRequest.php
  - src/Models/Components/CustomsDeclarationNonDeliveryOptionEnum.php
  - src/Models/Components/CustomsItemCreateRequest.php
  - src/Models/Components/WeightUnitEnum.php
  - src/Models/Components/CustomsDeclarationIncotermEnum.php
  - src/Models/Components/CustomsDeclarationEelPfcEnum.php
  - src/Models/Components/CustomsDeclarationContentsTypeEnum.php
  - src/Models/Components/AddressImporter.php
  - src/Models/Components/CustomsDeclarationB13AFilingOptionEnum.php
  - src/Models/Components/CustomsItemPaginatedList.php
  - src/Models/Components/CustomsItem.php
  - src/Models/Components/LiveRatePaginatedList.php
  - src/Models/Components/LiveRate.php
  - src/Models/Components/LiveRateCreateRequest.php
  - src/Models/Components/LineItem.php
  - src/Models/Components/DefaultParcelTemplate.php
  - src/Models/Components/UserParcelTemplate.php
  - src/Models/Components/CarrierParcelTemplate.php
  - src/Models/Components/DistanceUnitEnum.php
  - src/Models/Components/DefaultParcelTemplateUpdateRequest.php
  - src/Models/Components/ManifestPaginatedList.php
  - src/Models/Components/ManifestStatus.php
  - src/Models/Components/Manifest.php
  - src/Models/Components/ManifestCreateRequest.php
  - src/Models/Components/OrderPaginatedList.php
  - src/Models/Components/ShopApp.php
  - src/Models/Components/Order.php
  - src/Models/Components/OrderStatusEnum.php
  - src/Models/Components/OrderCreateRequest.php
  - src/Models/Components/LineItemBase.php
  - src/Models/Components/CarrierParcelTemplateList.php
  - src/Models/Components/ParcelPaginatedList.php
  - src/Models/Components/ObjectState.php
  - src/Models/Components/Parcel.php
  - src/Models/Components/ParcelExtra.php
  - src/Models/Components/ParcelInsuranceProvider.php
  - src/Models/Components/ParcelInsurance.php
  - src/Models/Components/PickupStatus.php
  - src/Models/Components/Pickup.php
  - src/Models/Components/BuildingLocationType.php
  - src/Models/Components/BuildingType.php
  - src/Models/Components/Location.php
  - src/Models/Components/AddressCompleteCreateRequest.php
  - src/Models/Components/PickupBase.php
  - src/Models/Components/Attributes.php
  - src/Models/Components/Rate.php
  - src/Models/Components/ParentServicelevel.php
  - src/Models/Components/ServiceLevelWithParent.php
  - src/Models/Components/ResponseMessage.php
  - src/Models/Components/RatePaginatedList.php
  - src/Models/Components/RefundStatus.php
  - src/Models/Components/Refund.php
  - src/Models/Components/RefundRequestBody.php
  - src/Models/Components/RefundPaginatedList.php
  - src/Models/Components/ServiceGroup.php
  - src/Models/Components/ServiceGroupTypeEnum.php
  - src/Models/Components/ServiceGroupCreateRequest.php
  - src/Models/Components/ServiceGroupAccountAndServiceLevel.php
  - src/Models/Components/ServiceGroupUpdateRequest.php
  - src/Models/Components/ShipmentPaginatedList.php
  - src/Models/Components/ShipmentStatus.php
  - src/Models/Components/Shipment.php
  - src/Models/Components/Track.php
  - src/Models/Components/TrackingStatus.php
  - src/Models/Components/TrackingStatusSubstatus.php
  - src/Models/Components/TrackingStatusEnum.php
  - src/Models/Components/TrackingStatusLocationBase.php
  - src/Models/Components/TracksRequest.php
  - src/Models/Components/TransactionPaginatedList.php
  - src/Models/Components/CreatedBy.php
  - src/Models/Components/Transaction.php
  - src/Models/Components/TransactionStatusEnum.php
  - src/Models/Components/UserParcelTemplateList.php
  - src/Models/Components/UserParcelTemplateUpdateRequest.php
  - src/Models/Components/ShippoAccountPaginatedList.php
  - src/Models/Components/ShippoAccount.php
  - src/Models/Components/ShippoAccountUpdateRequest.php
  - src/Models/Components/Webhook.php
  - src/Models/Components/WebhookUpdateRequest.php
  - src/Models/Components/WebhookEventTypeEnum.php
  - src/Models/Components/WebhookPaginatedList.php
  - src/Models/Components/Security.php
  - src/Models/Components/AddressValidationResultsMessageCodeEnum.php
  - src/Models/Components/AddressValidationResultsMessageSourceEnum.php
  - src/Models/Components/ServiceLevel.php
  - docs/Models/Operations/ListAddressesRequest.md
  - docs/Models/Operations/ListAddressesResponse.md
  - docs/Models/Operations/CreateAddressRequest.md
  - docs/Models/Operations/CreateAddressResponse.md
  - docs/Models/Operations/GetAddressRequest.md
  - docs/Models/Operations/GetAddressResponse.md
  - docs/Models/Operations/ValidateAddressRequest.md
  - docs/Models/Operations/ValidateAddressResponse.md
  - docs/Models/Operations/CreateBatchRequest.md
  - docs/Models/Operations/CreateBatchResponse.md
  - docs/Models/Operations/GetBatchRequest.md
  - docs/Models/Operations/GetBatchResponse.md
  - docs/Models/Operations/AddShipmentsToBatchRequest.md
  - docs/Models/Operations/AddShipmentsToBatchResponse.md
  - docs/Models/Operations/PurchaseBatchRequest.md
  - docs/Models/Operations/PurchaseBatchResponse.md
  - docs/Models/Operations/RemoveShipmentsFromBatchRequest.md
  - docs/Models/Operations/RemoveShipmentsFromBatchResponse.md
  - docs/Models/Operations/ListCarrierAccountsRequest.md
  - docs/Models/Operations/ListCarrierAccountsResponse.md
  - docs/Models/Operations/CreateCarrierAccountRequest.md
  - docs/Models/Operations/CreateCarrierAccountResponse.md
  - docs/Models/Operations/GetCarrierAccountRequest.md
  - docs/Models/Operations/GetCarrierAccountResponse.md
  - docs/Models/Operations/UpdateCarrierAccountRequest.md
  - docs/Models/Operations/UpdateCarrierAccountResponse.md
  - docs/Models/Operations/InitiateOauth2SigninRequest.md
  - docs/Models/Operations/InitiateOauth2SigninCarrierAccountsResponseResponseBody.md
  - docs/Models/Operations/InitiateOauth2SigninCarrierAccountsResponseBody.md
  - docs/Models/Operations/InitiateOauth2SigninResponseBody.md
  - docs/Models/Operations/InitiateOauth2SigninResponse.md
  - docs/Models/Operations/RegisterCarrierAccountRequest.md
  - docs/Models/Operations/RegisterCarrierAccountResponse.md
  - docs/Models/Operations/Carrier.md
  - docs/Models/Operations/GetCarrierRegistrationStatusRequest.md
  - docs/Models/Operations/GetCarrierRegistrationStatusResponse.md
  - docs/Models/Operations/ListCustomsDeclarationsRequest.md
  - docs/Models/Operations/ListCustomsDeclarationsResponse.md
  - docs/Models/Operations/CreateCustomsDeclarationRequest.md
  - docs/Models/Operations/CreateCustomsDeclarationResponse.md
  - docs/Models/Operations/GetCustomsDeclarationRequest.md
  - docs/Models/Operations/GetCustomsDeclarationResponse.md
  - docs/Models/Operations/ListCustomsItemsRequest.md
  - docs/Models/Operations/ListCustomsItemsResponse.md
  - docs/Models/Operations/CreateCustomsItemRequest.md
  - docs/Models/Operations/CreateCustomsItemResponse.md
  - docs/Models/Operations/GetCustomsItemRequest.md
  - docs/Models/Operations/GetCustomsItemResponse.md
  - docs/Models/Operations/CreateLiveRateRequest.md
  - docs/Models/Operations/CreateLiveRateResponse.md
  - docs/Models/Operations/GetDefaultParcelTemplateRequest.md
  - docs/Models/Operations/GetDefaultParcelTemplateResponse.md
  - docs/Models/Operations/UpdateDefaultParcelTemplateRequest.md
  - docs/Models/Operations/UpdateDefaultParcelTemplateResponse.md
  - docs/Models/Operations/DeleteDefaultParcelTemplateRequest.md
  - docs/Models/Operations/DeleteDefaultParcelTemplateResponse.md
  - docs/Models/Operations/ListManifestsRequest.md
  - docs/Models/Operations/ListManifestsResponse.md
  - docs/Models/Operations/CreateManifestRequest.md
  - docs/Models/Operations/CreateManifestResponse.md
  - docs/Models/Operations/GetManifestRequest.md
  - docs/Models/Operations/GetManifestResponse.md
  - docs/Models/Operations/ListOrdersRequest.md
  - docs/Models/Operations/ListOrdersResponse.md
  - docs/Models/Operations/CreateOrderRequest.md
  - docs/Models/Operations/CreateOrderResponse.md
  - docs/Models/Operations/GetOrderRequest.md
  - docs/Models/Operations/GetOrderResponse.md
  - docs/Models/Operations/IncludeT.md
  - docs/Models/Operations/ListCarrierParcelTemplatesRequest.md
  - docs/Models/Operations/ListCarrierParcelTemplatesResponse.md
  - docs/Models/Operations/GetCarrierParcelTemplateRequest.md
  - docs/Models/Operations/GetCarrierParcelTemplateResponse.md
  - docs/Models/Operations/ListParcelsRequest.md
  - docs/Models/Operations/ListParcelsResponse.md
  - docs/Models/Operations/CreateParcelRequest.md
  - docs/Models/Operations/CreateParcelResponse.md
  - docs/Models/Operations/GetParcelRequest.md
  - docs/Models/Operations/GetParcelResponse.md
  - docs/Models/Operations/CreatePickupRequest.md
  - docs/Models/Operations/CreatePickupResponse.md
  - docs/Models/Operations/GetRateRequest.md
  - docs/Models/Operations/GetRateResponse.md
  - docs/Models/Operations/ListShipmentRatesRequest.md
  - docs/Models/Operations/ListShipmentRatesResponse.md
  - docs/Models/Operations/ListShipmentRatesByCurrencyCodeRequest.md
  - docs/Models/Operations/ListShipmentRatesByCurrencyCodeResponse.md
  - docs/Models/Operations/CreateRefundRequest.md
  - docs/Models/Operations/CreateRefundResponse.md
  - docs/Models/Operations/ListRefundsRequest.md
  - docs/Models/Operations/ListRefundsResponse.md
  - docs/Models/Operations/GetRefundRequest.md
  - docs/Models/Operations/GetRefundResponse.md
  - docs/Models/Operations/ListServiceGroupsRequest.md
  - docs/Models/Operations/ListServiceGroupsResponse.md
  - docs/Models/Operations/CreateServiceGroupRequest.md
  - docs/Models/Operations/CreateServiceGroupResponse.md
  - docs/Models/Operations/UpdateServiceGroupRequest.md
  - docs/Models/Operations/UpdateServiceGroupResponse.md
  - docs/Models/Operations/DeleteServiceGroupRequest.md
  - docs/Models/Operations/DeleteServiceGroupResponse.md
  - docs/Models/Operations/ListShipmentsRequest.md
  - docs/Models/Operations/ListShipmentsResponse.md
  - docs/Models/Operations/CreateShipmentRequest.md
  - docs/Models/Operations/CreateShipmentResponse.md
  - docs/Models/Operations/GetShipmentRequest.md
  - docs/Models/Operations/GetShipmentResponse.md
  - docs/Models/Operations/CreateTrackRequest.md
  - docs/Models/Operations/CreateTrackResponse.md
  - docs/Models/Operations/GetTrackRequest.md
  - docs/Models/Operations/GetTrackResponse.md
  - docs/Models/Operations/ListTransactionsRequest.md
  - docs/Models/Operations/ListTransactionsResponse.md
  - docs/Models/Operations/CreateTransactionRequest.md
  - docs/Models/Operations/CreateTransactionResponse.md
  - docs/Models/Operations/GetTransactionRequest.md
  - docs/Models/Operations/GetTransactionResponse.md
  - docs/Models/Operations/ListUserParcelTemplatesRequest.md
  - docs/Models/Operations/ListUserParcelTemplatesResponse.md
  - docs/Models/Operations/CreateUserParcelTemplateRequest.md
  - docs/Models/Operations/CreateUserParcelTemplateResponse.md
  - docs/Models/Operations/DeleteUserParcelTemplateRequest.md
  - docs/Models/Operations/DeleteUserParcelTemplateResponse.md
  - docs/Models/Operations/GetUserParcelTemplateRequest.md
  - docs/Models/Operations/GetUserParcelTemplateResponse.md
  - docs/Models/Operations/UpdateUserParcelTemplateRequest.md
  - docs/Models/Operations/UpdateUserParcelTemplateResponse.md
  - docs/Models/Operations/ListShippoAccountsRequest.md
  - docs/Models/Operations/ListShippoAccountsResponse.md
  - docs/Models/Operations/CreateShippoAccountRequest.md
  - docs/Models/Operations/CreateShippoAccountResponse.md
  - docs/Models/Operations/GetShippoAccountRequest.md
  - docs/Models/Operations/GetShippoAccountResponse.md
  - docs/Models/Operations/UpdateShippoAccountRequest.md
  - docs/Models/Operations/UpdateShippoAccountResponse.md
  - docs/Models/Operations/CreateWebhookResponse.md
  - docs/Models/Operations/ListWebhooksResponse.md
  - docs/Models/Operations/GetWebhookRequest.md
  - docs/Models/Operations/GetWebhookResponse.md
  - docs/Models/Operations/UpdateWebhookRequest.md
  - docs/Models/Operations/UpdateWebhookResponse.md
  - docs/Models/Operations/DeleteWebhookRequest.md
  - docs/Models/Operations/DeleteWebhookResponse.md
  - docs/Models/Components/AddressPaginatedList.md
  - docs/Models/Components/Address.md
  - docs/Models/Components/AddressValidationResults.md
  - docs/Models/Components/AddressValidationResultsMessage.md
  - docs/Models/Components/AddressCreateRequest.md
  - docs/Models/Components/ObjectResults.md
  - docs/Models/Components/BatchStatus.md
  - docs/Models/Components/Batch.md
  - docs/Models/Components/BatchShipmentPaginatedList.md
  - docs/Models/Components/Status.md
  - docs/Models/Components/BatchShipment.md
  - docs/Models/Components/LabelFileTypeEnum.md
  - docs/Models/Components/BatchCreateRequest.md
  - docs/Models/Components/BatchShipmentCreateRequest.md
  - docs/Models/Components/ShipmentCreateRequest.md
  - docs/Models/Components/AncillaryEndorsement.md
  - docs/Models/Components/DangerousGoodsCode.md
  - docs/Models/Components/PreferredDeliveryTimeframe.md
  - docs/Models/Components/SignatureConfirmation.md
  - docs/Models/Components/ShipmentExtra.md
  - docs/Models/Components/UPSReferenceFields.md
  - docs/Models/Components/RmaNumber.md
  - docs/Models/Components/PoNumber.md
  - docs/Models/Components/ShipmentExtraLasershipAttributesEnum.md
  - docs/Models/Components/InvoiceNumber.md
  - docs/Models/Components/Provider.md
  - docs/Models/Components/Insurance.md
  - docs/Models/Components/DryIce.md
  - docs/Models/Components/DepartmentNumber.md
  - docs/Models/Components/DangerousGoodsObject.md
  - docs/Models/Components/DangerousGoodsLithiumBatteries.md
  - docs/Models/Components/DangerousGoodsBiologicalMaterial.md
  - docs/Models/Components/CustomerReference.md
  - docs/Models/Components/PaymentMethod.md
  - docs/Models/Components/Cod.md
  - docs/Models/Components/Type.md
  - docs/Models/Components/Billing.md
  - docs/Models/Components/RecipientType.md
  - docs/Models/Components/Alcohol.md
  - docs/Models/Components/CarrierAccountPaginatedList.md
  - docs/Models/Components/CarrierAccountWithExtraInfoType.md
  - docs/Models/Components/CarrierAccountWithExtraInfoStatus.md
  - docs/Models/Components/Authentication.md
  - docs/Models/Components/ObjectInfo.md
  - docs/Models/Components/CarrierAccountWithExtraInfo.md
  - docs/Models/Components/CarrierAccountServiceLevel.md
  - docs/Models/Components/CarriersEnum.md
  - docs/Models/Components/CarrierAccount.md
  - docs/Models/Components/ConnectExistingOwnAccountRequest.md
  - docs/Models/Components/CarrierAccountBase.md
  - docs/Models/Components/CarrierAccountRegistrationStatus.md
  - docs/Models/Components/CustomsDeclarationPaginatedList.md
  - docs/Models/Components/CustomsDeclaration.md
  - docs/Models/Components/ObjectStateEnum.md
  - docs/Models/Components/CustomsInvoicedCharges.md
  - docs/Models/Components/CustomsExporterIdentification.md
  - docs/Models/Components/CustomsTaxIdentificationType.md
  - docs/Models/Components/CustomsTaxIdentification.md
  - docs/Models/Components/CustomsDeclarationCreateRequest.md
  - docs/Models/Components/CustomsDeclarationNonDeliveryOptionEnum.md
  - docs/Models/Components/CustomsItemCreateRequest.md
  - docs/Models/Components/WeightUnitEnum.md
  - docs/Models/Components/CustomsDeclarationIncotermEnum.md
  - docs/Models/Components/CustomsDeclarationEelPfcEnum.md
  - docs/Models/Components/CustomsDeclarationContentsTypeEnum.md
  - docs/Models/Components/AddressImporter.md
  - docs/Models/Components/CustomsDeclarationB13AFilingOptionEnum.md
  - docs/Models/Components/CustomsItemPaginatedList.md
  - docs/Models/Components/CustomsItem.md
  - docs/Models/Components/LiveRatePaginatedList.md
  - docs/Models/Components/LiveRate.md
  - docs/Models/Components/LiveRateCreateRequest.md
  - docs/Models/Components/LineItem.md
  - docs/Models/Components/DefaultParcelTemplate.md
  - docs/Models/Components/UserParcelTemplate.md
  - docs/Models/Components/CarrierParcelTemplate.md
  - docs/Models/Components/DistanceUnitEnum.md
  - docs/Models/Components/DefaultParcelTemplateUpdateRequest.md
  - docs/Models/Components/ManifestPaginatedList.md
  - docs/Models/Components/ManifestStatus.md
  - docs/Models/Components/Manifest.md
  - docs/Models/Components/ManifestCreateRequest.md
  - docs/Models/Components/OrderPaginatedList.md
  - docs/Models/Components/ShopApp.md
  - docs/Models/Components/Order.md
  - docs/Models/Components/OrderStatusEnum.md
  - docs/Models/Components/OrderCreateRequest.md
  - docs/Models/Components/LineItemBase.md
  - docs/Models/Components/CarrierParcelTemplateList.md
  - docs/Models/Components/ParcelPaginatedList.md
  - docs/Models/Components/ObjectState.md
  - docs/Models/Components/Parcel.md
  - docs/Models/Components/ParcelExtra.md
  - docs/Models/Components/ParcelInsuranceProvider.md
  - docs/Models/Components/ParcelInsurance.md
  - docs/Models/Components/PickupStatus.md
  - docs/Models/Components/Pickup.md
  - docs/Models/Components/BuildingLocationType.md
  - docs/Models/Components/BuildingType.md
  - docs/Models/Components/Location.md
  - docs/Models/Components/AddressCompleteCreateRequest.md
  - docs/Models/Components/PickupBase.md
  - docs/Models/Components/Attributes.md
  - docs/Models/Components/Rate.md
  - docs/Models/Components/ParentServicelevel.md
  - docs/Models/Components/ServiceLevelWithParent.md
  - docs/Models/Components/ResponseMessage.md
  - docs/Models/Components/RatePaginatedList.md
  - docs/Models/Components/RefundStatus.md
  - docs/Models/Components/Refund.md
  - docs/Models/Components/RefundRequestBody.md
  - docs/Models/Components/RefundPaginatedList.md
  - docs/Models/Components/ServiceGroup.md
  - docs/Models/Components/ServiceGroupTypeEnum.md
  - docs/Models/Components/ServiceGroupCreateRequest.md
  - docs/Models/Components/ServiceGroupAccountAndServiceLevel.md
  - docs/Models/Components/ServiceGroupUpdateRequest.md
  - docs/Models/Components/ShipmentPaginatedList.md
  - docs/Models/Components/ShipmentStatus.md
  - docs/Models/Components/Shipment.md
  - docs/Models/Components/Track.md
  - docs/Models/Components/TrackingStatus.md
  - docs/Models/Components/TrackingStatusSubstatus.md
  - docs/Models/Components/TrackingStatusEnum.md
  - docs/Models/Components/TrackingStatusLocationBase.md
  - docs/Models/Components/TracksRequest.md
  - docs/Models/Components/TransactionPaginatedList.md
  - docs/Models/Components/CreatedBy.md
  - docs/Models/Components/Transaction.md
  - docs/Models/Components/TransactionStatusEnum.md
  - docs/Models/Components/UserParcelTemplateList.md
  - docs/Models/Components/UserParcelTemplateUpdateRequest.md
  - docs/Models/Components/ShippoAccountPaginatedList.md
  - docs/Models/Components/ShippoAccount.md
  - docs/Models/Components/ShippoAccountUpdateRequest.md
  - docs/Models/Components/Webhook.md
  - docs/Models/Components/WebhookUpdateRequest.md
  - docs/Models/Components/WebhookEventTypeEnum.md
  - docs/Models/Components/WebhookPaginatedList.md
  - docs/Models/Components/Security.md
  - docs/Models/Components/AddressValidationResultsMessageCodeEnum.md
  - docs/Models/Components/AddressValidationResultsMessageSourceEnum.md
  - docs/Models/Components/ServiceLevel.md
  - docs/sdks/shipposdk/README.md
  - docs/sdks/addresses/README.md
  - docs/sdks/batches/README.md
  - docs/sdks/carrieraccounts/README.md
  - docs/sdks/customsdeclarations/README.md
  - docs/sdks/customsitems/README.md
  - docs/sdks/ratesatcheckout/README.md
  - docs/sdks/manifests/README.md
  - docs/sdks/orders/README.md
  - docs/sdks/carrierparceltemplates/README.md
  - docs/sdks/parcels/README.md
  - docs/sdks/pickups/README.md
  - docs/sdks/rates/README.md
  - docs/sdks/refunds/README.md
  - docs/sdks/servicegroups/README.md
  - docs/sdks/shipments/README.md
  - docs/sdks/trackingstatus/README.md
  - docs/sdks/transactions/README.md
  - docs/sdks/userparceltemplates/README.md
  - docs/sdks/shippoaccounts/README.md
  - docs/sdks/webhooks/README.md
  - USAGE.md
  - .gitattributes
