speakeasyVersion: 1.796.4
sources:
    openapi:
        sourceNamespace: openapi
        sourceRevisionDigest: sha256:132ef634dc347fc1ff68427d498eaffb2645dbc6fd08be9e88015db3feb4fd17
        sourceBlobDigest: sha256:c88cadbe4c138132ebe2daaea1ae6b41891c52d7146702f5652c3139fc4abeb9
        tags:
            - latest
            - "2018-02-08"
targets:
    my-first-target:
        source: openapi
        sourceNamespace: openapi
        sourceRevisionDigest: sha256:3099fc4c926ab05099ea5c4cbb918e6423a03874cea38c8791efa7efbe6c5706
        sourceBlobDigest: sha256:234f83b39101f22af624857db75abc2440fbe9c279d457ab0a7c8a393245cab1
    php:
        source: openapi
        sourceNamespace: openapi
        sourceRevisionDigest: sha256:132ef634dc347fc1ff68427d498eaffb2645dbc6fd08be9e88015db3feb4fd17
        sourceBlobDigest: sha256:c88cadbe4c138132ebe2daaea1ae6b41891c52d7146702f5652c3139fc4abeb9
        codeSamplesNamespace: openapi-php-code-samples
        codeSamplesRevisionDigest: sha256:46ccab6e1395888c769d7b1d5981f3c4626bef221e59e48b1a3d796e1a44dec9
workflow:
    workflowVersion: 1.0.0
    speakeasyVersion: latest
    sources:
        openapi:
            inputs:
                - location: https://docs.goshippo.com/spec/shippoapi/public-api.yaml
            registry:
                location: registry.speakeasyapi.dev/shippo/shippo/openapi
    targets:
        php:
            target: php
            source: openapi
            publish:
                packagist:
                    username: tech@shippo.com
                    token: $packagist_token
            codeSamples:
                registry:
                    location: registry.speakeasyapi.dev/shippo/shippo/openapi-php-code-samples
                labelOverride:
                    fixedValue: Php (SDK)
                blocking: false
