speakeasyVersion: 1.453.4
sources:
    openapi:
        sourceNamespace: openapi
        sourceRevisionDigest: sha256:5d2470e22cdc85f71014c92f10b465cdc2291ce3839774db7ef2701d987a47f0
        sourceBlobDigest: sha256:1b88a763bf9a88c705175433cac246f726297ba1d331abf5d03334a6e25e9b89
        tags:
            - latest
            - speakeasy-sdk-regen-1731434842
            - "2018-02-08"
targets:
    my-first-target:
        source: openapi
        sourceNamespace: openapi
        sourceRevisionDigest: sha256:3099fc4c926ab05099ea5c4cbb918e6423a03874cea38c8791efa7efbe6c5706
        sourceBlobDigest: sha256:234f83b39101f22af624857db75abc2440fbe9c279d457ab0a7c8a393245cab1
    php:
        source: openapi
        sourceNamespace: openapi
        sourceRevisionDigest: sha256:5d2470e22cdc85f71014c92f10b465cdc2291ce3839774db7ef2701d987a47f0
        sourceBlobDigest: sha256:1b88a763bf9a88c705175433cac246f726297ba1d331abf5d03334a6e25e9b89
        codeSamplesNamespace: openapi-php-code-samples
        codeSamplesRevisionDigest: sha256:d55c3bd38047ae7ceb47e170184c49d39f587977b368932bf431da23d0c67c19
workflow:
    workflowVersion: 1.0.0
    speakeasyVersion: latest
    sources:
        openapi:
            inputs:
                - location: https://docs.goshippo.com/spec/shippoapi/public-api.yaml
            registry:
                location: registry.speakeasyapi.dev/shippo/shippo/openapi
    targets:
        php:
            target: php
            source: openapi
            publish:
                packagist:
                    username: tech@shippo.com
                    token: $packagist_token
            codeSamples:
                registry:
                    location: registry.speakeasyapi.dev/shippo/shippo/openapi-php-code-samples
                blocking: false
